<Project xmlns="http://schemas.microsoft.com/developer/msbuild/2003">
  <PropertyGroup>
    <ProjectGuid>{A1B2C3D4-E5F6-4A7B-8C9D-0E1F2A3B4C5D}</ProjectGuid>
    <MainSource>Hefesto.IntegrationSmoke.dpr</MainSource>
    <Base>True</Base>
    <Config Condition="'$(Config)'==''">Debug</Config>
    <Platform Condition="'$(Platform)'==''">Win32</Platform>
    <TargetedPlatforms>1</TargetedPlatforms>
    <AppType>Console</AppType>
    <FrameworkType>None</FrameworkType>
    <ProjectVersion>19.5</ProjectVersion>
  </PropertyGroup>
  <PropertyGroup Condition="'$(Config)'=='Base' or '$(Base)'!=''">
    <Base>true</Base>
  </PropertyGroup>
  <PropertyGroup Condition="('$(Platform)'=='Win32' and '$(Base)'=='true') or '$(Base_Win32)'!=''">
    <Base_Win32>true</Base_Win32>
    <CfgParent>Base</CfgParent>
    <Base>true</Base>
  </PropertyGroup>
  <PropertyGroup Condition="'$(Base)'!=''">
    <DCC_E>false</DCC_E>
    <DCC_F>false</DCC_F>
    <DCC_K>false</DCC_K>
    <DCC_N>false</DCC_N>
    <DCC_S>false</DCC_S>
    <SanitizedProjectName>HefestoIntegrationSmoke</SanitizedProjectName>
    <DCC_Namespace>System;Xml;Data;Datasnap;Web;Soap;$(DCC_Namespace)</DCC_Namespace>
    <VerInfo_Locale>1046</VerInfo_Locale>
    <DCC_UnitSearchPath>..\src;..\src\adapters;..\src\vendor\synalist;D:\IA\Projetos\Redis4D\src;D:\IA\Projetos\Redis4D\src\client;D:\IA\Projetos\Redis4D\src\cluster;D:\IA\Projetos\Redis4D\src\core;D:\IA\Projetos\Redis4D\src\features;D:\IA\Projetos\Redis4D\src\net;$(DCC_UnitSearchPath)</DCC_UnitSearchPath>
    <DCC_DcuOutput>.\dcu\$(Config)</DCC_DcuOutput>
    <DCC_ExeOutput>.</DCC_ExeOutput>
  </PropertyGroup>
  <PropertyGroup Condition="'$(Base_Win32)'!=''">
    <DCC_Namespace>Winapi;System.Win;Data.Win;Datasnap.Win;Web.Win;Soap.Win;Xml.Win;$(DCC_Namespace)</DCC_Namespace>
    <VerInfo_IncludeVerInfo>true</VerInfo_IncludeVerInfo>
    <VerInfo_Locale>1033</VerInfo_Locale>
  </PropertyGroup>
  <PropertyGroup Condition="'$(Config)'=='Debug' or '$(Cfg_2)'!=''">
    <Cfg_2>true</Cfg_2>
    <CfgParent>Base</CfgParent>
    <Base>true</Base>
    <DCC_Define>DEBUG;$(DCC_Define)</DCC_Define>
    <DCC_Optimize>false</DCC_Optimize>
    <DCC_GenerateStackFrames>true</DCC_GenerateStackFrames>
    <DCC_RangeChecking>true</DCC_RangeChecking>
    <DCC_IntegerOverflowCheck>true</DCC_IntegerOverflowCheck>
  </PropertyGroup>
  <PropertyGroup Condition="'$(Config)'=='Release' or '$(Cfg_1)'!=''">
    <Cfg_1>true</Cfg_1>
    <CfgParent>Base</CfgParent>
    <Base>true</Base>
    <DCC_Define>RELEASE;$(DCC_Define)</DCC_Define>
    <DCC_SymbolReferenceInfo>0</DCC_SymbolReferenceInfo>
    <DCC_DebugInformation>0</DCC_DebugInformation>
  </PropertyGroup>
  <ItemGroup>
    <DelphiCompile Include="$(MainSource)">
      <MainSource>MainSource</MainSource>
    </DelphiCompile>
  </ItemGroup>
  <Import Project="$(BDS)\Bin\CodeGear.Delphi.Targets" Condition="Exists('$(BDS)\Bin\CodeGear.Delphi.Targets')"/>
  <Import Project="$(APPDATA)\Embarcadero\$(BDSAPPDATABASEDIR)\$(PRODUCTVERSION)\UserTools.proj" Condition="Exists('$(APPDATA)\Embarcadero\$(BDSAPPDATABASEDIR)\$(PRODUCTVERSION)\UserTools.proj')"/>
</Project>
